
Microsoft Visual Studio Solution File, Format Version 12.00
# Visual Studio Version 17
VisualStudioVersion = 17.3.32819.101
MinimumVisualStudioVersion = 10.0.40219.1
Project("{FAE04EC0-301F-11D3-BF4B-00C04F79EFBC}") = "Convertidor de monedas form", "Convertidor de monedas form\Convertidor de monedas form.csproj", "{A341E8C3-FC5B-4DF4-87EE-E383483CEECF}"
EndProject
Global
	GlobalSection(SolutionConfigurationPlatforms) = preSolution
		Debug|Any CPU = Debug|Any CPU
		Release|Any CPU = Release|Any CPU
	EndGlobalSection
	GlobalSection(ProjectConfigurationPlatforms) = postSolution
		{A341E8C3-FC5B-4DF4-87EE-E383483CEECF}.Debug|Any CPU.ActiveCfg = Debug|Any CPU
		{A341E8C3-FC5B-4DF4-87EE-E383483CEECF}.Debug|Any CPU.Build.0 = Debug|Any CPU
		{A341E8C3-FC5B-4DF4-87EE-E383483CEECF}.Release|Any CPU.ActiveCfg = Release|Any CPU
		{A341E8C3-FC5B-4DF4-87EE-E383483CEECF}.Release|Any CPU.Build.0 = Release|Any CPU
	EndGlobalSection
	GlobalSection(SolutionProperties) = preSolution
		HideSolutionNode = FALSE
	EndGlobalSection
	GlobalSection(ExtensibilityGlobals) = postSolution
		SolutionGuid = {3C4D9AB3-93E8-4744-9E2D-E0BCD88C9B14}
	EndGlobalSection
EndGlobal
